
Microsoft Visual Studio Solution File, Format Version 12.00
# Visual Studio Version 17
VisualStudioVersion = 17.12.35527.113
MinimumVisualStudioVersion = 10.0.40219.1
Project("{2150E333-8FDC-42A3-9474-1A3956D46DE8}") = "Package", "Package", "{A04DF353-5E3C-4DE7-BB1C-C101304134A1}"
EndProject
Project("{2150E333-8FDC-42A3-9474-1A3956D46DE8}") = "src", "src", "{5905D0AC-E7E2-45DD-B333-8C2D97EA02BE}"
EndProject
Project("{2150E333-8FDC-42A3-9474-1A3956D46DE8}") = "src-pkg", "src-pkg", "{A958871A-D2D9-4869-B6D7-B019387554B3}"
EndProject
Project("{2150E333-8FDC-42A3-9474-1A3956D46DE8}") = "tests", "tests", "{7C40F42D-0D90-4D05-B52F-04C04B423BE3}"
EndProject
Project("{2150E333-8FDC-42A3-9474-1A3956D46DE8}") = "01-Domain", "01-Domain", "{2B6901D7-F65F-4350-9EEE-AD771B94153B}"
EndProject
Project("{2150E333-8FDC-42A3-9474-1A3956D46DE8}") = "02-Infrastructures", "02-Infrastructures", "{20BC64CE-847B-44C3-A569-D75C2798C331}"
EndProject
Project("{2150E333-8FDC-42A3-9474-1A3956D46DE8}") = "03-EndPoints", "03-EndPoints", "{51518B93-A8EA-4327-BD66-36A6961B2C2B}"
EndProject
Project("{2150E333-8FDC-42A3-9474-1A3956D46DE8}") = "Core", "Core", "{36647A67-93A4-47DF-A880-A0CE75CCCB20}"
EndProject
Project("{2150E333-8FDC-42A3-9474-1A3956D46DE8}") = "Services", "Services", "{8692E93D-040D-444E-B752-17C46B93C621}"
EndProject
Project("{2150E333-8FDC-42A3-9474-1A3956D46DE8}") = "DataAccess", "DataAccess", "{30410F05-2E4D-4C69-9B55-2F22C553427F}"
EndProject
Project("{2150E333-8FDC-42A3-9474-1A3956D46DE8}") = "Db", "Db", "{F85DFA4B-390C-414B-895B-0423A7F14AED}"
EndProject
Project("{2150E333-8FDC-42A3-9474-1A3956D46DE8}") = "Providers", "Providers", "{219969F8-B362-426E-86E2-7C3D4F3DC3CA}"
EndProject
Project("{FAE04EC0-301F-11D3-BF4B-00C04F79EFBC}") = "App.Domain.Core", "App.Domain.Core\App.Domain.Core.csproj", "{2863E1B6-018D-4AE9-9C5C-C676776D6348}"
EndProject
Project("{FAE04EC0-301F-11D3-BF4B-00C04F79EFBC}") = "App.Domain.AppServices", "App.Domain.AppServices\App.Domain.AppServices.csproj", "{E12F04EF-52EE-43F3-B2CB-2E4E7B51D03A}"
EndProject
Project("{FAE04EC0-301F-11D3-BF4B-00C04F79EFBC}") = "App.Domain.Services", "App.Domain.Services\App.Domain.Services.csproj", "{61E4E176-68C6-4433-986F-92D419B6B8F8}"
EndProject
Project("{FAE04EC0-301F-11D3-BF4B-00C04F79EFBC}") = "App.Infra.Data.Repos.Ef", "App.Infra.Data.Repos.Ef\App.Infra.Data.Repos.Ef.csproj", "{CCF3C369-7975-44F0-8070-8776869D7B31}"
EndProject
Project("{FAE04EC0-301F-11D3-BF4B-00C04F79EFBC}") = "Connection", "Connection\Connection.csproj", "{8B112A44-1A21-4A3B-9C9F-CD37AF4CD5CA}"
EndProject
Project("{FAE04EC0-301F-11D3-BF4B-00C04F79EFBC}") = "CW18", "CW18\CW18.csproj", "{04FE6E1C-0F3B-4BDA-BEF8-329485B50E67}"
EndProject
Project("{FAE04EC0-301F-11D3-BF4B-00C04F79EFBC}") = "Bank page", "Bank page\Bank page.csproj", "{8B45ABC4-D0B0-418F-BE2D-E1EDB15F1BF1}"
EndProject
Global
	GlobalSection(SolutionConfigurationPlatforms) = preSolution
		Debug|Any CPU = Debug|Any CPU
		Release|Any CPU = Release|Any CPU
	EndGlobalSection
	GlobalSection(ProjectConfigurationPlatforms) = postSolution
		{2863E1B6-018D-4AE9-9C5C-C676776D6348}.Debug|Any CPU.ActiveCfg = Debug|Any CPU
		{2863E1B6-018D-4AE9-9C5C-C676776D6348}.Debug|Any CPU.Build.0 = Debug|Any CPU
		{2863E1B6-018D-4AE9-9C5C-C676776D6348}.Release|Any CPU.ActiveCfg = Release|Any CPU
		{2863E1B6-018D-4AE9-9C5C-C676776D6348}.Release|Any CPU.Build.0 = Release|Any CPU
		{E12F04EF-52EE-43F3-B2CB-2E4E7B51D03A}.Debug|Any CPU.ActiveCfg = Debug|Any CPU
		{E12F04EF-52EE-43F3-B2CB-2E4E7B51D03A}.Debug|Any CPU.Build.0 = Debug|Any CPU
		{E12F04EF-52EE-43F3-B2CB-2E4E7B51D03A}.Release|Any CPU.ActiveCfg = Release|Any CPU
		{E12F04EF-52EE-43F3-B2CB-2E4E7B51D03A}.Release|Any CPU.Build.0 = Release|Any CPU
		{61E4E176-68C6-4433-986F-92D419B6B8F8}.Debug|Any CPU.ActiveCfg = Debug|Any CPU
		{61E4E176-68C6-4433-986F-92D419B6B8F8}.Debug|Any CPU.Build.0 = Debug|Any CPU
		{61E4E176-68C6-4433-986F-92D419B6B8F8}.Release|Any CPU.ActiveCfg = Release|Any CPU
		{61E4E176-68C6-4433-986F-92D419B6B8F8}.Release|Any CPU.Build.0 = Release|Any CPU
		{CCF3C369-7975-44F0-8070-8776869D7B31}.Debug|Any CPU.ActiveCfg = Debug|Any CPU
		{CCF3C369-7975-44F0-8070-8776869D7B31}.Debug|Any CPU.Build.0 = Debug|Any CPU
		{CCF3C369-7975-44F0-8070-8776869D7B31}.Release|Any CPU.ActiveCfg = Release|Any CPU
		{CCF3C369-7975-44F0-8070-8776869D7B31}.Release|Any CPU.Build.0 = Release|Any CPU
		{8B112A44-1A21-4A3B-9C9F-CD37AF4CD5CA}.Debug|Any CPU.ActiveCfg = Debug|Any CPU
		{8B112A44-1A21-4A3B-9C9F-CD37AF4CD5CA}.Debug|Any CPU.Build.0 = Debug|Any CPU
		{8B112A44-1A21-4A3B-9C9F-CD37AF4CD5CA}.Release|Any CPU.ActiveCfg = Release|Any CPU
		{8B112A44-1A21-4A3B-9C9F-CD37AF4CD5CA}.Release|Any CPU.Build.0 = Release|Any CPU
		{04FE6E1C-0F3B-4BDA-BEF8-329485B50E67}.Debug|Any CPU.ActiveCfg = Debug|Any CPU
		{04FE6E1C-0F3B-4BDA-BEF8-329485B50E67}.Debug|Any CPU.Build.0 = Debug|Any CPU
		{04FE6E1C-0F3B-4BDA-BEF8-329485B50E67}.Release|Any CPU.ActiveCfg = Release|Any CPU
		{04FE6E1C-0F3B-4BDA-BEF8-329485B50E67}.Release|Any CPU.Build.0 = Release|Any CPU
		{8B45ABC4-D0B0-418F-BE2D-E1EDB15F1BF1}.Debug|Any CPU.ActiveCfg = Debug|Any CPU
		{8B45ABC4-D0B0-418F-BE2D-E1EDB15F1BF1}.Debug|Any CPU.Build.0 = Debug|Any CPU
		{8B45ABC4-D0B0-418F-BE2D-E1EDB15F1BF1}.Release|Any CPU.ActiveCfg = Release|Any CPU
		{8B45ABC4-D0B0-418F-BE2D-E1EDB15F1BF1}.Release|Any CPU.Build.0 = Release|Any CPU
	EndGlobalSection
	GlobalSection(SolutionProperties) = preSolution
		HideSolutionNode = FALSE
	EndGlobalSection
	GlobalSection(NestedProjects) = preSolution
		{2B6901D7-F65F-4350-9EEE-AD771B94153B} = {5905D0AC-E7E2-45DD-B333-8C2D97EA02BE}
		{20BC64CE-847B-44C3-A569-D75C2798C331} = {5905D0AC-E7E2-45DD-B333-8C2D97EA02BE}
		{51518B93-A8EA-4327-BD66-36A6961B2C2B} = {5905D0AC-E7E2-45DD-B333-8C2D97EA02BE}
		{36647A67-93A4-47DF-A880-A0CE75CCCB20} = {2B6901D7-F65F-4350-9EEE-AD771B94153B}
		{8692E93D-040D-444E-B752-17C46B93C621} = {2B6901D7-F65F-4350-9EEE-AD771B94153B}
		{30410F05-2E4D-4C69-9B55-2F22C553427F} = {20BC64CE-847B-44C3-A569-D75C2798C331}
		{F85DFA4B-390C-414B-895B-0423A7F14AED} = {20BC64CE-847B-44C3-A569-D75C2798C331}
		{219969F8-B362-426E-86E2-7C3D4F3DC3CA} = {20BC64CE-847B-44C3-A569-D75C2798C331}
		{2863E1B6-018D-4AE9-9C5C-C676776D6348} = {36647A67-93A4-47DF-A880-A0CE75CCCB20}
		{E12F04EF-52EE-43F3-B2CB-2E4E7B51D03A} = {8692E93D-040D-444E-B752-17C46B93C621}
		{61E4E176-68C6-4433-986F-92D419B6B8F8} = {8692E93D-040D-444E-B752-17C46B93C621}
		{CCF3C369-7975-44F0-8070-8776869D7B31} = {30410F05-2E4D-4C69-9B55-2F22C553427F}
		{8B112A44-1A21-4A3B-9C9F-CD37AF4CD5CA} = {F85DFA4B-390C-414B-895B-0423A7F14AED}
		{04FE6E1C-0F3B-4BDA-BEF8-329485B50E67} = {51518B93-A8EA-4327-BD66-36A6961B2C2B}
		{8B45ABC4-D0B0-418F-BE2D-E1EDB15F1BF1} = {51518B93-A8EA-4327-BD66-36A6961B2C2B}
	EndGlobalSection
EndGlobal
